{
  "pins" : [
    {
      "identity" : "swift-minions",
      "kind" : "remoteSourceControl",
      "location" : "https://github.com/tadija/swift-minions.git",
      "state" : {
        "branch" : "main",
        "revision" : "5edb474d9e897cd76d65b22963f67f1b74fa4673"
      }
    }
  ],
  "version" : 2
}
