{
  "pins" : [
    {
      "identity" : "swift-minions",
      "kind" : "remoteSourceControl",
      "location" : "https://github.com/tadija/swift-minions.git",
      "state" : {
        "branch" : "main",
        "revision" : "a55523fd091f860a809d51886688cfcf49b095dc"
      }
    }
  ],
  "version" : 2
}
