{
  "pins" : [
    {
      "identity" : "swift-minions",
      "kind" : "remoteSourceControl",
      "location" : "https://github.com/tadija/swift-minions.git",
      "state" : {
        "branch" : "main",
        "revision" : "b88dc9729a3f12f9648ba3f64bcc8ec6e9cbcfe6"
      }
    }
  ],
  "version" : 2
}
